// !$*UTF8*$!
{
	archiveVersion = 1;
	classes = {
	};
	objectVersion = 46;
	objects = {

/* Begin PBXBuildFile section */
		276302611D09C4BB0093EEF2 /* AppDelegate.swift in Sources */ = {isa = PBXBuildFile; fileRef = 276302601D09C4BB0093EEF2 /* AppDelegate.swift */; };
		276302631D09C4BB0093EEF2 /* ViewController.swift in Sources */ = {isa = PBXBuildFile; fileRef = 276302621D09C4BB0093EEF2 /* ViewController.swift */; };
		276302661D09C4BB0093EEF2 /* Main.storyboard in Resources */ = {isa = PBXBuildFile; fileRef = 276302641D09C4BB0093EEF2 /* Main.storyboard */; };
		276302681D09C4BB0093EEF2 /* Assets.xcassets in Resources */ = {isa = PBXBuildFile; fileRef = 276302671D09C4BB0093EEF2 /* Assets.xcassets */; };
		2763026B1D09C4BB0093EEF2 /* LaunchScreen.storyboard in Resources */ = {isa = PBXBuildFile; fileRef = 276302691D09C4BB0093EEF2 /* LaunchScreen.storyboard */; };
		276302761D09C4BB0093EEF2 /* photomasterTests.swift in Sources */ = {isa = PBXBuildFile; fileRef = 276302751D09C4BB0093EEF2 /* photomasterTests.swift */; };
		276302811D09C4BB0093EEF2 /* photomasterUITests.swift in Sources */ = {isa = PBXBuildFile; fileRef = 276302801D09C4BB0093EEF2 /* photomasterUITests.swift */; };
/* End PBXBuildFile section */

/* Begin PBXContainerItemProxy section */
		276302721D09C4BB0093EEF2 /* PBXContainerItemProxy */ = {
			isa = PBXContainerItemProxy;
			containerPortal = 276302551D09C4BB0093EEF2 /* Project object */;
			proxyType = 1;
			remoteGlobalIDString = 2763025C1D09C4BB0093EEF2;
			remoteInfo = photomaster;
		};
		2763027D1D09C4BB0093EEF2 /* PBXContainerItemProxy */ = {
			isa = PBXContainerItemProxy;
			containerPortal = 276302551D09C4BB0093EEF2 /* Project object */;
			proxyType = 1;
			remoteGlobalIDString = 2763025C1D09C4BB0093EEF2;
			remoteInfo = photomaster;
		};
/* End PBXContainerItemProxy section */

/* Begin PBXFileReference section */
		2763025D1D09C4BB0093EEF2 /* photomaster.app */ = {isa = PBXFileReference; explicitFileType = wrapper.application; includeInIndex = 0; path = photomaster.app; sourceTree = BUILT_PRODUCTS_DIR; };
		276302601D09C4BB0093EEF2 /* AppDelegate.swift */ = {isa = PBXFileReference; lastKnownFileType = sourcecode.swift; path = AppDelegate.swift; sourceTree = "<group>"; };
		276302621D09C4BB0093EEF2 /* ViewController.swift */ = {isa = PBXFileReference; lastKnownFileType = sourcecode.swift; path = ViewController.swift; sourceTree = "<group>"; };
		276302651D09C4BB0093EEF2 /* Base */ = {isa = PBXFileReference; lastKnownFileType = file.storyboard; name = Base; path = Base.lproj/Main.storyboard; sourceTree = "<group>"; };
		276302671D09C4BB0093EEF2 /* Assets.xcassets */ = {isa = PBXFileReference; lastKnownFileType = folder.assetcatalog; path = Assets.xcassets; sourceTree = "<group>"; };
		2763026A1D09C4BB0093EEF2 /* Base */ = {isa = PBXFileReference; lastKnownFileType = file.storyboard; name = Base; path = Base.lproj/LaunchScreen.storyboard; sourceTree = "<group>"; };
		2763026C1D09C4BB0093EEF2 /* Info.plist */ = {isa = PBXFileReference; lastKnownFileType = text.plist.xml; path = Info.plist; sourceTree = "<group>"; };
		276302711D09C4BB0093EEF2 /* photomasterTests.xctest */ = {isa = PBXFileReference; explicitFileType = wrapper.cfbundle; includeInIndex = 0; path = photomasterTests.xctest; sourceTree = BUILT_PRODUCTS_DIR; };
		276302751D09C4BB0093EEF2 /* photomasterTests.swift */ = {isa = PBXFileReference; lastKnownFileType = sourcecode.swift; path = photomasterTests.swift; sourceTree = "<group>"; };
		276302771D09C4BB0093EEF2 /* Info.plist */ = {isa = PBXFileReference; lastKnownFileType = text.plist.xml; path = Info.plist; sourceTree = "<group>"; };
		2763027C1D09C4BB0093EEF2 /* photomasterUITests.xctest */ = {isa = PBXFileReference; explicitFileType = wrapper.cfbundle; includeInIndex = 0; path = photomasterUITests.xctest; sourceTree = BUILT_PRODUCTS_DIR; };
		276302801D09C4BB0093EEF2 /* photomasterUITests.swift */ = {isa = PBXFileReference; lastKnownFileType = sourcecode.swift; path = photomasterUITests.swift; sourceTree = "<group>"; };
		276302821D09C4BB0093EEF2 /* Info.plist */ = {isa = PBXFileReference; lastKnownFileType = text.plist.xml; path = Info.plist; sourceTree = "<group>"; };
/* End PBXFileReference section */

/* Begin PBXFrameworksBuildPhase section */
		2763025A1D09C4BB0093EEF2 /* Frameworks */ = {
			isa = PBXFrameworksBuildPhase;
			buildActionMask = 2147483647;
			files = (
			);
			runOnlyForDeploymentPostprocessing = 0;
		};
		2763026E1D09C4BB0093EEF2 /* Frameworks */ = {
			isa = PBXFrameworksBuildPhase;
			buildActionMask = 2147483647;
			files = (
			);
			runOnlyForDeploymentPostprocessing = 0;
		};
		276302791D09C4BB0093EEF2 /* Frameworks */ = {
			isa = PBXFrameworksBuildPhase;
			buildActionMask = 2147483647;
			files = (
			);
			runOnlyForDeploymentPostprocessing = 0;
		};
/* End PBXFrameworksBuildPhase section */

/* Begin PBXGroup section */
		276302541D09C4BB0093EEF2 = {
			isa = PBXGroup;
			children = (
				2763025F1D09C4BB0093EEF2 /* photomaster */,
				276302741D09C4BB0093EEF2 /* photomasterTests */,
				2763027F1D09C4BB0093EEF2 /* photomasterUITests */,
				2763025E1D09C4BB0093EEF2 /* Products */,
			);
			sourceTree = "<group>";
		};
		2763025E1D09C4BB0093EEF2 /* Products */ = {
			isa = PBXGroup;
			children = (
				2763025D1D09C4BB0093EEF2 /* photomaster.app */,
				276302711D09C4BB0093EEF2 /* photomasterTests.xctest */,
				2763027C1D09C4BB0093EEF2 /* photomasterUITests.xctest */,
			);
			name = Products;
			sourceTree = "<group>";
		};
		2763025F1D09C4BB0093EEF2 /* photomaster */ = {
			isa = PBXGroup;
			children = (
				276302601D09C4BB0093EEF2 /* AppDelegate.swift */,
				276302621D09C4BB0093EEF2 /* ViewController.swift */,
				276302641D09C4BB0093EEF2 /* Main.storyboard */,
				276302671D09C4BB0093EEF2 /* Assets.xcassets */,
				276302691D09C4BB0093EEF2 /* LaunchScreen.storyboard */,
				2763026C1D09C4BB0093EEF2 /* Info.plist */,
			);
			path = photomaster;
			sourceTree = "<group>";
		};
		276302741D09C4BB0093EEF2 /* photomasterTests */ = {
			isa = PBXGroup;
			children = (
				276302751D09C4BB0093EEF2 /* photomasterTests.swift */,
				276302771D09C4BB0093EEF2 /* Info.plist */,
			);
			path = photomasterTests;
			sourceTree = "<group>";
		};
		2763027F1D09C4BB0093EEF2 /* photomasterUITests */ = {
			isa = PBXGroup;
			children = (
				276302801D09C4BB0093EEF2 /* photomasterUITests.swift */,
				276302821D09C4BB0093EEF2 /* Info.plist */,
			);
			path = photomasterUITests;
			sourceTree = "<group>";
		};
/* End PBXGroup section */

/* Begin PBXNativeTarget section */
		2763025C1D09C4BB0093EEF2 /* photomaster */ = {
			isa = PBXNativeTarget;
			buildConfigurationList = 276302851D09C4BB0093EEF2 /* Build configuration list for PBXNativeTarget "photomaster" */;
			buildPhases = (
				276302591D09C4BB0093EEF2 /* Sources */,
				2763025A1D09C4BB0093EEF2 /* Frameworks */,
				2763025B1D09C4BB0093EEF2 /* Resources */,
			);
			buildRules = (
			);
			dependencies = (
			);
			name = photomaster;
			productName = photomaster;
			productReference = 2763025D1D09C4BB0093EEF2 /* photomaster.app */;
			productType = "com.apple.product-type.application";
		};
		276302701D09C4BB0093EEF2 /* photomasterTests */ = {
			isa = PBXNativeTarget;
			buildConfigurationList = 276302881D09C4BB0093EEF2 /* Build configuration list for PBXNativeTarget "photomasterTests" */;
			buildPhases = (
				2763026D1D09C4BB0093EEF2 /* Sources */,
				2763026E1D09C4BB0093EEF2 /* Frameworks */,
				2763026F1D09C4BB0093EEF2 /* Resources */,
			);
			buildRules = (
			);
			dependencies = (
				276302731D09C4BB0093EEF2 /* PBXTargetDependency */,
			);
			name = photomasterTests;
			productName = photomasterTests;
			productReference = 276302711D09C4BB0093EEF2 /* photomasterTests.xctest */;
			productType = "com.apple.product-type.bundle.unit-test";
		};
		2763027B1D09C4BB0093EEF2 /* photomasterUITests */ = {
			isa = PBXNativeTarget;
			buildConfigurationList = 2763028B1D09C4BB0093EEF2 /* Build configuration list for PBXNativeTarget "photomasterUITests" */;
			buildPhases = (
				276302781D09C4BB0093EEF2 /* Sources */,
				276302791D09C4BB0093EEF2 /* Frameworks */,
				2763027A1D09C4BB0093EEF2 /* Resources */,
			);
			buildRules = (
			);
			dependencies = (
				2763027E1D09C4BB0093EEF2 /* PBXTargetDependency */,
			);
			name = photomasterUITests;
			productName = photomasterUITests;
			productReference = 2763027C1D09C4BB0093EEF2 /* photomasterUITests.xctest */;
			productType = "com.apple.product-type.bundle.ui-testing";
		};
/* End PBXNativeTarget section */

/* Begin PBXProject section */
		276302551D09C4BB0093EEF2 /* Project object */ = {
			isa = PBXProject;
			attributes = {
				LastSwiftUpdateCheck = 0730;
				LastUpgradeCheck = 0730;
				ORGANIZATIONNAME = "福島達也";
				TargetAttributes = {
					2763025C1D09C4BB0093EEF2 = {
						CreatedOnToolsVersion = 7.3.1;
						DevelopmentTeam = 98G7MS2742;
					};
					276302701D09C4BB0093EEF2 = {
						CreatedOnToolsVersion = 7.3.1;
						DevelopmentTeam = 98G7MS2742;
						TestTargetID = 2763025C1D09C4BB0093EEF2;
					};
					2763027B1D09C4BB0093EEF2 = {
						CreatedOnToolsVersion = 7.3.1;
						DevelopmentTeam = 98G7MS2742;
						TestTargetID = 2763025C1D09C4BB0093EEF2;
					};
				};
			};
			buildConfigurationList = 276302581D09C4BB0093EEF2 /* Build configuration list for PBXProject "photomaster" */;
			compatibilityVersion = "Xcode 3.2";
			developmentRegion = English;
			hasScannedForEncodings = 0;
			knownRegions = (
				en,
				Base,
			);
			mainGroup = 276302541D09C4BB0093EEF2;
			productRefGroup = 2763025E1D09C4BB0093EEF2 /* Products */;
			projectDirPath = "";
			projectRoot = "";
			targets = (
				2763025C1D09C4BB0093EEF2 /* photomaster */,
				276302701D09C4BB0093EEF2 /* photomasterTests */,
				2763027B1D09C4BB0093EEF2 /* photomasterUITests */,
			);
		};
/* End PBXProject section */

/* Begin PBXResourcesBuildPhase section */
		2763025B1D09C4BB0093EEF2 /* Resources */ = {
			isa = PBXResourcesBuildPhase;
			buildActionMask = 2147483647;
			files = (
				2763026B1D09C4BB0093EEF2 /* LaunchScreen.storyboard in Resources */,
				276302681D09C4BB0093EEF2 /* Assets.xcassets in Resources */,
				276302661D09C4BB0093EEF2 /* Main.storyboard in Resources */,
			);
			runOnlyForDeploymentPostprocessing = 0;
		};
		2763026F1D09C4BB0093EEF2 /* Resources */ = {
			isa = PBXResourcesBuildPhase;
			buildActionMask = 2147483647;
			files = (
			);
			runOnlyForDeploymentPostprocessing = 0;
		};
		2763027A1D09C4BB0093EEF2 /* Resources */ = {
			isa = PBXResourcesBuildPhase;
			buildActionMask = 2147483647;
			files = (
			);
			runOnlyForDeploymentPostprocessing = 0;
		};
/* End PBXResourcesBuildPhase section */

/* Begin PBXSourcesBuildPhase section */
		276302591D09C4BB0093EEF2 /* Sources */ = {
			isa = PBXSourcesBuildPhase;
			buildActionMask = 2147483647;
			files = (
				276302631D09C4BB0093EEF2 /* ViewController.swift in Sources */,
				276302611D09C4BB0093EEF2 /* AppDelegate.swift in Sources */,
			);
			runOnlyForDeploymentPostprocessing = 0;
		};
		2763026D1D09C4BB0093EEF2 /* Sources */ = {
			isa = PBXSourcesBuildPhase;
			buildActionMask = 2147483647;
			files = (
				276302761D09C4BB0093EEF2 /* photomasterTests.swift in Sources */,
			);
			runOnlyForDeploymentPostprocessing = 0;
		};
		276302781D09C4BB0093EEF2 /* Sources */ = {
			isa = PBXSourcesBuildPhase;
			buildActionMask = 2147483647;
			files = (
				276302811D09C4BB0093EEF2 /* photomasterUITests.swift in Sources */,
			);
			runOnlyForDeploymentPostprocessing = 0;
		};
/* End PBXSourcesBuildPhase section */

/* Begin PBXTargetDependency section */
		276302731D09C4BB0093EEF2 /* PBXTargetDependency */ = {
			isa = PBXTargetDependency;
			target = 2763025C1D09C4BB0093EEF2 /* photomaster */;
			targetProxy = 276302721D09C4BB0093EEF2 /* PBXContainerItemProxy */;
		};
		2763027E1D09C4BB0093EEF2 /* PBXTargetDependency */ = {
			isa = PBXTargetDependency;
			target = 2763025C1D09C4BB0093EEF2 /* photomaster */;
			targetProxy = 2763027D1D09C4BB0093EEF2 /* PBXContainerItemProxy */;
		};
/* End PBXTargetDependency section */

/* Begin PBXVariantGroup section */
		276302641D09C4BB0093EEF2 /* Main.storyboard */ = {
			isa = PBXVariantGroup;
			children = (
				276302651D09C4BB0093EEF2 /* Base */,
			);
			name = Main.storyboard;
			sourceTree = "<group>";
		};
		276302691D09C4BB0093EEF2 /* LaunchScreen.storyboard */ = {
			isa = PBXVariantGroup;
			children = (
				2763026A1D09C4BB0093EEF2 /* Base */,
			);
			name = LaunchScreen.storyboard;
			sourceTree = "<group>";
		};
/* End PBXVariantGroup section */

/* Begin XCBuildConfiguration section */
		276302831D09C4BB0093EEF2 /* Debug */ = {
			isa = XCBuildConfiguration;
			buildSettings = {
				ALWAYS_SEARCH_USER_PATHS = NO;
				CLANG_ANALYZER_NONNULL = YES;
				CLANG_CXX_LANGUAGE_STANDARD = "gnu++0x";
				CLANG_CXX_LIBRARY = "libc++";
				CLANG_ENABLE_MODULES = YES;
				CLANG_ENABLE_OBJC_ARC = YES;
				CLANG_WARN_BOOL_CONVERSION = YES;
				CLANG_WARN_CONSTANT_CONVERSION = YES;
				CLANG_WARN_DIRECT_OBJC_ISA_USAGE = YES_ERROR;
				CLANG_WARN_EMPTY_BODY = YES;
				CLANG_WARN_ENUM_CONVERSION = YES;
				CLANG_WARN_INT_CONVERSION = YES;
				CLANG_WARN_OBJC_ROOT_CLASS = YES_ERROR;
				CLANG_WARN_UNREACHABLE_CODE = YES;
				CLANG_WARN__DUPLICATE_METHOD_MATCH = YES;
				"CODE_SIGN_IDENTITY[sdk=iphoneos*]" = "iPhone Developer";
				COPY_PHASE_STRIP = NO;
				DEBUG_INFORMATION_FORMAT = dwarf;
				ENABLE_STRICT_OBJC_MSGSEND = YES;
				ENABLE_TESTABILITY = YES;
				GCC_C_LANGUAGE_STANDARD = gnu99;
				GCC_DYNAMIC_NO_PIC = NO;
				GCC_NO_COMMON_BLOCKS = YES;
				GCC_OPTIMIZATION_LEVEL = 0;
				GCC_PREPROCESSOR_DEFINITIONS = (
					"DEBUG=1",
					"$(inherited)",
				);
				GCC_WARN_64_TO_32_BIT_CONVERSION = YES;
				GCC_WARN_ABOUT_RETURN_TYPE = YES_ERROR;
				GCC_WARN_UNDECLARED_SELECTOR = YES;
				GCC_WARN_UNINITIALIZED_AUTOS = YES_AGGRESSIVE;
				GCC_WARN_UNUSED_FUNCTION = YES;
				GCC_WARN_UNUSED_VARIABLE = YES;
				IPHONEOS_DEPLOYMENT_TARGET = 9.3;
				MTL_ENABLE_DEBUG_INFO = YES;
				ONLY_ACTIVE_ARCH = YES;
				SDKROOT = iphoneos;
				SWIFT_OPTIMIZATION_LEVEL = "-Onone";
			};
			name = Debug;
		};
		276302841D09C4BB0093EEF2 /* Release */ = {
			isa = XCBuildConfiguration;
			buildSettings = {
				ALWAYS_SEARCH_USER_PATHS = NO;
				CLANG_ANALYZER_NONNULL = YES;
				CLANG_CXX_LANGUAGE_STANDARD = "gnu++0x";
				CLANG_CXX_LIBRARY = "libc++";
				CLANG_ENABLE_MODULES = YES;
				CLANG_ENABLE_OBJC_ARC = YES;
				CLANG_WARN_BOOL_CONVERSION = YES;
				CLANG_WARN_CONSTANT_CONVERSION = YES;
				CLANG_WARN_DIRECT_OBJC_ISA_USAGE = YES_ERROR;
				CLANG_WARN_EMPTY_BODY = YES;
				CLANG_WARN_ENUM_CONVERSION = YES;
				CLANG_WARN_INT_CONVERSION = YES;
				CLANG_WARN_OBJC_ROOT_CLASS = YES_ERROR;
				CLANG_WARN_UNREACHABLE_CODE = YES;
				CLANG_WARN__DUPLICATE_METHOD_MATCH = YES;
				"CODE_SIGN_IDENTITY[sdk=iphoneos*]" = "iPhone Developer";
				COPY_PHASE_STRIP = NO;
				DEBUG_INFORMATION_FORMAT = "dwarf-with-dsym";
				ENABLE_NS_ASSERTIONS = NO;
				ENABLE_STRICT_OBJC_MSGSEND = YES;
				GCC_C_LANGUAGE_STANDARD = gnu99;
				GCC_NO_COMMON_BLOCKS = YES;
				GCC_WARN_64_TO_32_BIT_CONVERSION = YES;
				GCC_WARN_ABOUT_RETURN_TYPE = YES_ERROR;
				GCC_WARN_UNDECLARED_SELECTOR = YES;
				GCC_WARN_UNINITIALIZED_AUTOS = YES_AGGRESSIVE;
				GCC_WARN_UNUSED_FUNCTION = YES;
				GCC_WARN_UNUSED_VARIABLE = YES;
				IPHONEOS_DEPLOYMENT_TARGET = 9.3;
				MTL_ENABLE_DEBUG_INFO = NO;
				SDKROOT = iphoneos;
				VALIDATE_PRODUCT = YES;
			};
			name = Release;
		};
		276302861D09C4BB0093EEF2 /* Debug */ = {
			isa = XCBuildConfiguration;
			buildSettings = {
				ASSETCATALOG_COMPILER_APPICON_NAME = AppIcon;
				INFOPLIST_FILE = photomaster/Info.plist;
				IPHONEOS_DEPLOYMENT_TARGET = 9.2;
				LD_RUNPATH_SEARCH_PATHS = "$(inherited) @executable_path/Frameworks";
				PRODUCT_BUNDLE_IDENTIFIER = "----.photomaster";
				PRODUCT_NAME = "$(TARGET_NAME)";
			};
			name = Debug;
		};
		276302871D09C4BB0093EEF2 /* Release */ = {
			isa = XCBuildConfiguration;
			buildSettings = {
				ASSETCATALOG_COMPILER_APPICON_NAME = AppIcon;
				INFOPLIST_FILE = photomaster/Info.plist;
				IPHONEOS_DEPLOYMENT_TARGET = 9.2;
				LD_RUNPATH_SEARCH_PATHS = "$(inherited) @executable_path/Frameworks";
				PRODUCT_BUNDLE_IDENTIFIER = "----.photomaster";
				PRODUCT_NAME = "$(TARGET_NAME)";
			};
			name = Release;
		};
		276302891D09C4BB0093EEF2 /* Debug */ = {
			isa = XCBuildConfiguration;
			buildSettings = {
				BUNDLE_LOADER = "$(TEST_HOST)";
				INFOPLIST_FILE = photomasterTests/Info.plist;
				LD_RUNPATH_SEARCH_PATHS = "$(inherited) @executable_path/Frameworks @loader_path/Frameworks";
				PRODUCT_BUNDLE_IDENTIFIER = "----.photomasterTests";
				PRODUCT_NAME = "$(TARGET_NAME)";
				TEST_HOST = "$(BUILT_PRODUCTS_DIR)/photomaster.app/photomaster";
			};
			name = Debug;
		};
		2763028A1D09C4BB0093EEF2 /* Release */ = {
			isa = XCBuildConfiguration;
			buildSettings = {
				BUNDLE_LOADER = "$(TEST_HOST)";
				INFOPLIST_FILE = photomasterTests/Info.plist;
				LD_RUNPATH_SEARCH_PATHS = "$(inherited) @executable_path/Frameworks @loader_path/Frameworks";
				PRODUCT_BUNDLE_IDENTIFIER = "----.photomasterTests";
				PRODUCT_NAME = "$(TARGET_NAME)";
				TEST_HOST = "$(BUILT_PRODUCTS_DIR)/photomaster.app/photomaster";
			};
			name = Release;
		};
		2763028C1D09C4BB0093EEF2 /* Debug */ = {
			isa = XCBuildConfiguration;
			buildSettings = {
				INFOPLIST_FILE = photomasterUITests/Info.plist;
				LD_RUNPATH_SEARCH_PATHS = "$(inherited) @executable_path/Frameworks @loader_path/Frameworks";
				PRODUCT_BUNDLE_IDENTIFIER = "----.photomasterUITests";
				PRODUCT_NAME = "$(TARGET_NAME)";
				TEST_TARGET_NAME = photomaster;
			};
			name = Debug;
		};
		2763028D1D09C4BB0093EEF2 /* Release */ = {
			isa = XCBuildConfiguration;
			buildSettings = {
				INFOPLIST_FILE = photomasterUITests/Info.plist;
				LD_RUNPATH_SEARCH_PATHS = "$(inherited) @executable_path/Frameworks @loader_path/Frameworks";
				PRODUCT_BUNDLE_IDENTIFIER = "----.photomasterUITests";
				PRODUCT_NAME = "$(TARGET_NAME)";
				TEST_TARGET_NAME = photomaster;
			};
			name = Release;
		};
/* End XCBuildConfiguration section */

/* Begin XCConfigurationList section */
		276302581D09C4BB0093EEF2 /* Build configuration list for PBXProject "photomaster" */ = {
			isa = XCConfigurationList;
			buildConfigurations = (
				276302831D09C4BB0093EEF2 /* Debug */,
				276302841D09C4BB0093EEF2 /* Release */,
			);
			defaultConfigurationIsVisible = 0;
			defaultConfigurationName = Release;
		};
		276302851D09C4BB0093EEF2 /* Build configuration list for PBXNativeTarget "photomaster" */ = {
			isa = XCConfigurationList;
			buildConfigurations = (
				276302861D09C4BB0093EEF2 /* Debug */,
				276302871D09C4BB0093EEF2 /* Release */,
			);
			defaultConfigurationIsVisible = 0;
		};
		276302881D09C4BB0093EEF2 /* Build configuration list for PBXNativeTarget "photomasterTests" */ = {
			isa = XCConfigurationList;
			buildConfigurations = (
				276302891D09C4BB0093EEF2 /* Debug */,
				2763028A1D09C4BB0093EEF2 /* Release */,
			);
			defaultConfigurationIsVisible = 0;
		};
		2763028B1D09C4BB0093EEF2 /* Build configuration list for PBXNativeTarget "photomasterUITests" */ = {
			isa = XCConfigurationList;
			buildConfigurations = (
				2763028C1D09C4BB0093EEF2 /* Debug */,
				2763028D1D09C4BB0093EEF2 /* Release */,
			);
			defaultConfigurationIsVisible = 0;
		};
/* End XCConfigurationList section */
	};
	rootObject = 276302551D09C4BB0093EEF2 /* Project object */;
}
